
Microsoft Visual Studio Solution File, Format Version 12.00
# Visual Studio 2012
Project("{FAE04EC0-301F-11D3-BF4B-00C04F79EFBC}") = "WebServer", "ConsoleApplication1\WebServer.csproj", "{18D6729E-28A3-48EB-AD68-742619F0323C}"
EndProject
Global
	GlobalSection(SolutionConfigurationPlatforms) = preSolution
		Debug|Any CPU = Debug|Any CPU
		Release|Any CPU = Release|Any CPU
	EndGlobalSection
	GlobalSection(ProjectConfigurationPlatforms) = postSolution
		{18D6729E-28A3-48EB-AD68-742619F0323C}.Debug|Any CPU.ActiveCfg = Debug|Any CPU
		{18D6729E-28A3-48EB-AD68-742619F0323C}.Debug|Any CPU.Build.0 = Debug|Any CPU
		{18D6729E-28A3-48EB-AD68-742619F0323C}.Release|Any CPU.ActiveCfg = Release|Any CPU
		{18D6729E-28A3-48EB-AD68-742619F0323C}.Release|Any CPU.Build.0 = Release|Any CPU
	EndGlobalSection
	GlobalSection(SolutionProperties) = preSolution
		HideSolutionNode = FALSE
	EndGlobalSection
EndGlobal
